
Microsoft Visual Studio Solution File, Format Version 12.00
# Visual Studio Version 16
VisualStudioVersion = 16.0.29009.5
MinimumVisualStudioVersion = 10.0.40219.1
Project("{FAE04EC0-301F-11D3-BF4B-00C04F79EFBC}") = "Week1Lab1", "Week1Lab1\Week1Lab1.csproj", "{44CE97DE-111D-4621-9B5D-828AC5CBE908}"
EndProject
Global
	GlobalSection(SolutionConfigurationPlatforms) = preSolution
		Debug|Any CPU = Debug|Any CPU
		Release|Any CPU = Release|Any CPU
	EndGlobalSection
	GlobalSection(ProjectConfigurationPlatforms) = postSolution
		{44CE97DE-111D-4621-9B5D-828AC5CBE908}.Debug|Any CPU.ActiveCfg = Debug|Any CPU
		{44CE97DE-111D-4621-9B5D-828AC5CBE908}.Debug|Any CPU.Build.0 = Debug|Any CPU
		{44CE97DE-111D-4621-9B5D-828AC5CBE908}.Release|Any CPU.ActiveCfg = Release|Any CPU
		{44CE97DE-111D-4621-9B5D-828AC5CBE908}.Release|Any CPU.Build.0 = Release|Any CPU
	EndGlobalSection
	GlobalSection(SolutionProperties) = preSolution
		HideSolutionNode = FALSE
	EndGlobalSection
	GlobalSection(ExtensibilityGlobals) = postSolution
		SolutionGuid = {5231CD98-2ACE-45BE-9AEF-92442169B1DF}
	EndGlobalSection
EndGlobal
